// !$*UTF8*$!
{
	archiveVersion = 1;
	classes = {
	};
	objectVersion = 50;
	objects = {

/* Begin PBXBuildFile section */
		A3684C8625D5332900F9E0AC /* RelativeVideoCell.swift in Sources */ = {isa = PBXBuildFile; fileRef = A3684C8525D5332900F9E0AC /* RelativeVideoCell.swift */; };
		A3684C8D25D5352E00F9E0AC /* sample1.MOV in Resources */ = {isa = PBXBuildFile; fileRef = A3684C8925D5352C00F9E0AC /* sample1.MOV */; };
		A3684C8E25D5352E00F9E0AC /* sample4.MOV in Resources */ = {isa = PBXBuildFile; fileRef = A3684C8A25D5352D00F9E0AC /* sample4.MOV */; };
		A3684C8F25D5352E00F9E0AC /* sample3.MOV in Resources */ = {isa = PBXBuildFile; fileRef = A3684C8B25D5352D00F9E0AC /* sample3.MOV */; };
		A3684C9025D5352E00F9E0AC /* sample2.MOV in Resources */ = {isa = PBXBuildFile; fileRef = A3684C8C25D5352E00F9E0AC /* sample2.MOV */; };
		A3684C9325D5359900F9E0AC /* sample5.MOV in Resources */ = {isa = PBXBuildFile; fileRef = A3684C9225D5359900F9E0AC /* sample5.MOV */; };
		A3684C9625D536DC00F9E0AC /* VideoViewModel.swift in Sources */ = {isa = PBXBuildFile; fileRef = A3684C9525D536DC00F9E0AC /* VideoViewModel.swift */; };
		A3FD233625D512F1003EF8CD /* AppDelegate.swift in Sources */ = {isa = PBXBuildFile; fileRef = A3FD233525D512F1003EF8CD /* AppDelegate.swift */; };
		A3FD233825D512F1003EF8CD /* SceneDelegate.swift in Sources */ = {isa = PBXBuildFile; fileRef = A3FD233725D512F1003EF8CD /* SceneDelegate.swift */; };
		A3FD233F25D512F2003EF8CD /* Assets.xcassets in Resources */ = {isa = PBXBuildFile; fileRef = A3FD233E25D512F2003EF8CD /* Assets.xcassets */; };
		A3FD235225D51377003EF8CD /* InitialViewController.storyboard in Resources */ = {isa = PBXBuildFile; fileRef = A3FD235125D51377003EF8CD /* InitialViewController.storyboard */; };
		A3FD235525D51387003EF8CD /* HomeViewController.storyboard in Resources */ = {isa = PBXBuildFile; fileRef = A3FD235425D51387003EF8CD /* HomeViewController.storyboard */; };
		A3FD235825D51394003EF8CD /* HomeViewController.swift in Sources */ = {isa = PBXBuildFile; fileRef = A3FD235725D51394003EF8CD /* HomeViewController.swift */; };
		A3FD235D25D51598003EF8CD /* BaseTapBarController.swift in Sources */ = {isa = PBXBuildFile; fileRef = A3FD235C25D51598003EF8CD /* BaseTapBarController.swift */; };
		A3FD236225D515D7003EF8CD /* UIImage.swift in Sources */ = {isa = PBXBuildFile; fileRef = A3FD236125D515D7003EF8CD /* UIImage.swift */; };
		A3FD236A25D51E7B003EF8CD /* VideoListCell.swift in Sources */ = {isa = PBXBuildFile; fileRef = A3FD236825D51E7B003EF8CD /* VideoListCell.swift */; };
		A3FD236B25D51E7B003EF8CD /* VideoListCell.xib in Resources */ = {isa = PBXBuildFile; fileRef = A3FD236925D51E7B003EF8CD /* VideoListCell.xib */; };
		A3FD236F25D52241003EF8CD /* VideoListModel.swift in Sources */ = {isa = PBXBuildFile; fileRef = A3FD236E25D52241003EF8CD /* VideoListModel.swift */; };
		A3FD237225D522D5003EF8CD /* HomeViewModel.swift in Sources */ = {isa = PBXBuildFile; fileRef = A3FD237125D522D5003EF8CD /* HomeViewModel.swift */; };
		A3FD237625D52BD8003EF8CD /* VideoViewController.storyboard in Resources */ = {isa = PBXBuildFile; fileRef = A3FD237525D52BD8003EF8CD /* VideoViewController.storyboard */; };
		A3FD237925D52BED003EF8CD /* VideoViewController.swift in Sources */ = {isa = PBXBuildFile; fileRef = A3FD237825D52BED003EF8CD /* VideoViewController.swift */; };
/* End PBXBuildFile section */

/* Begin PBXFileReference section */
		A3684C8525D5332900F9E0AC /* RelativeVideoCell.swift */ = {isa = PBXFileReference; lastKnownFileType = sourcecode.swift; path = RelativeVideoCell.swift; sourceTree = "<group>"; };
		A3684C8925D5352C00F9E0AC /* sample1.MOV */ = {isa = PBXFileReference; lastKnownFileType = video.quicktime; path = sample1.MOV; sourceTree = "<group>"; };
		A3684C8A25D5352D00F9E0AC /* sample4.MOV */ = {isa = PBXFileReference; lastKnownFileType = video.quicktime; path = sample4.MOV; sourceTree = "<group>"; };
		A3684C8B25D5352D00F9E0AC /* sample3.MOV */ = {isa = PBXFileReference; lastKnownFileType = video.quicktime; path = sample3.MOV; sourceTree = "<group>"; };
		A3684C8C25D5352E00F9E0AC /* sample2.MOV */ = {isa = PBXFileReference; lastKnownFileType = video.quicktime; path = sample2.MOV; sourceTree = "<group>"; };
		A3684C9225D5359900F9E0AC /* sample5.MOV */ = {isa = PBXFileReference; lastKnownFileType = video.quicktime; path = sample5.MOV; sourceTree = "<group>"; };
		A3684C9525D536DC00F9E0AC /* VideoViewModel.swift */ = {isa = PBXFileReference; lastKnownFileType = sourcecode.swift; path = VideoViewModel.swift; sourceTree = "<group>"; };
		A3FD233225D512F1003EF8CD /* MeTube.app */ = {isa = PBXFileReference; explicitFileType = wrapper.application; includeInIndex = 0; path = MeTube.app; sourceTree = BUILT_PRODUCTS_DIR; };
		A3FD233525D512F1003EF8CD /* AppDelegate.swift */ = {isa = PBXFileReference; lastKnownFileType = sourcecode.swift; path = AppDelegate.swift; sourceTree = "<group>"; };
		A3FD233725D512F1003EF8CD /* SceneDelegate.swift */ = {isa = PBXFileReference; lastKnownFileType = sourcecode.swift; path = SceneDelegate.swift; sourceTree = "<group>"; };
		A3FD233E25D512F2003EF8CD /* Assets.xcassets */ = {isa = PBXFileReference; lastKnownFileType = folder.assetcatalog; path = Assets.xcassets; sourceTree = "<group>"; };
		A3FD234325D512F2003EF8CD /* Info.plist */ = {isa = PBXFileReference; lastKnownFileType = text.plist.xml; path = Info.plist; sourceTree = "<group>"; };
		A3FD235125D51377003EF8CD /* InitialViewController.storyboard */ = {isa = PBXFileReference; lastKnownFileType = file.storyboard; path = InitialViewController.storyboard; sourceTree = "<group>"; };
		A3FD235425D51387003EF8CD /* HomeViewController.storyboard */ = {isa = PBXFileReference; lastKnownFileType = file.storyboard; path = HomeViewController.storyboard; sourceTree = "<group>"; };
		A3FD235725D51394003EF8CD /* HomeViewController.swift */ = {isa = PBXFileReference; lastKnownFileType = sourcecode.swift; path = HomeViewController.swift; sourceTree = "<group>"; };
		A3FD235C25D51598003EF8CD /* BaseTapBarController.swift */ = {isa = PBXFileReference; lastKnownFileType = sourcecode.swift; path = BaseTapBarController.swift; sourceTree = "<group>"; };
		A3FD236125D515D7003EF8CD /* UIImage.swift */ = {isa = PBXFileReference; lastKnownFileType = sourcecode.swift; path = UIImage.swift; sourceTree = "<group>"; };
		A3FD236825D51E7B003EF8CD /* VideoListCell.swift */ = {isa = PBXFileReference; lastKnownFileType = sourcecode.swift; path = VideoListCell.swift; sourceTree = "<group>"; };
		A3FD236925D51E7B003EF8CD /* VideoListCell.xib */ = {isa = PBXFileReference; lastKnownFileType = file.xib; path = VideoListCell.xib; sourceTree = "<group>"; };
		A3FD236E25D52241003EF8CD /* VideoListModel.swift */ = {isa = PBXFileReference; lastKnownFileType = sourcecode.swift; path = VideoListModel.swift; sourceTree = "<group>"; };
		A3FD237125D522D5003EF8CD /* HomeViewModel.swift */ = {isa = PBXFileReference; lastKnownFileType = sourcecode.swift; path = HomeViewModel.swift; sourceTree = "<group>"; };
		A3FD237525D52BD8003EF8CD /* VideoViewController.storyboard */ = {isa = PBXFileReference; lastKnownFileType = file.storyboard; path = VideoViewController.storyboard; sourceTree = "<group>"; };
		A3FD237825D52BED003EF8CD /* VideoViewController.swift */ = {isa = PBXFileReference; lastKnownFileType = sourcecode.swift; path = VideoViewController.swift; sourceTree = "<group>"; };
/* End PBXFileReference section */

/* Begin PBXFrameworksBuildPhase section */
		A3FD232F25D512F1003EF8CD /* Frameworks */ = {
			isa = PBXFrameworksBuildPhase;
			buildActionMask = 2147483647;
			files = (
			);
			runOnlyForDeploymentPostprocessing = 0;
		};
/* End PBXFrameworksBuildPhase section */

/* Begin PBXGroup section */
		A3684C8325D532F200F9E0AC /* cell */ = {
			isa = PBXGroup;
			children = (
				A3684C8525D5332900F9E0AC /* RelativeVideoCell.swift */,
			);
			path = cell;
			sourceTree = "<group>";
		};
		A3684C8825D5346300F9E0AC /* sampleVideo */ = {
			isa = PBXGroup;
			children = (
				A3684C8925D5352C00F9E0AC /* sample1.MOV */,
				A3684C8C25D5352E00F9E0AC /* sample2.MOV */,
				A3684C8B25D5352D00F9E0AC /* sample3.MOV */,
				A3684C8A25D5352D00F9E0AC /* sample4.MOV */,
				A3684C9225D5359900F9E0AC /* sample5.MOV */,
			);
			path = sampleVideo;
			sourceTree = "<group>";
		};
		A3FD232925D512F1003EF8CD = {
			isa = PBXGroup;
			children = (
				A3FD233425D512F1003EF8CD /* MeTube */,
				A3FD233325D512F1003EF8CD /* Products */,
			);
			sourceTree = "<group>";
		};
		A3FD233325D512F1003EF8CD /* Products */ = {
			isa = PBXGroup;
			children = (
				A3FD233225D512F1003EF8CD /* MeTube.app */,
			);
			name = Products;
			sourceTree = "<group>";
		};
		A3FD233425D512F1003EF8CD /* MeTube */ = {
			isa = PBXGroup;
			children = (
				A3684C8825D5346300F9E0AC /* sampleVideo */,
				A3FD236025D515CA003EF8CD /* Extension */,
				A3FD234B25D5132A003EF8CD /* Model */,
				A3FD234A25D51306003EF8CD /* Scene */,
				A3FD233525D512F1003EF8CD /* AppDelegate.swift */,
				A3FD233725D512F1003EF8CD /* SceneDelegate.swift */,
				A3FD233E25D512F2003EF8CD /* Assets.xcassets */,
				A3FD234325D512F2003EF8CD /* Info.plist */,
			);
			path = MeTube;
			sourceTree = "<group>";
		};
		A3FD234A25D51306003EF8CD /* Scene */ = {
			isa = PBXGroup;
			children = (
				A3FD237425D52BBE003EF8CD /* VideoViewController */,
				A3FD235B25D51571003EF8CD /* BaseTapBarController */,
				A3FD234F25D5134F003EF8CD /* InitialView */,
				A3FD234C25D51330003EF8CD /* HomeViewController */,
			);
			path = Scene;
			sourceTree = "<group>";
		};
		A3FD234B25D5132A003EF8CD /* Model */ = {
			isa = PBXGroup;
			children = (
				A3FD236E25D52241003EF8CD /* VideoListModel.swift */,
			);
			path = Model;
			sourceTree = "<group>";
		};
		A3FD234C25D51330003EF8CD /* HomeViewController */ = {
			isa = PBXGroup;
			children = (
				A3FD236725D51E57003EF8CD /* cell */,
				A3FD235425D51387003EF8CD /* HomeViewController.storyboard */,
				A3FD235725D51394003EF8CD /* HomeViewController.swift */,
				A3FD237125D522D5003EF8CD /* HomeViewModel.swift */,
			);
			path = HomeViewController;
			sourceTree = "<group>";
		};
		A3FD234F25D5134F003EF8CD /* InitialView */ = {
			isa = PBXGroup;
			children = (
				A3FD235125D51377003EF8CD /* InitialViewController.storyboard */,
			);
			path = InitialView;
			sourceTree = "<group>";
		};
		A3FD235B25D51571003EF8CD /* BaseTapBarController */ = {
			isa = PBXGroup;
			children = (
				A3FD235C25D51598003EF8CD /* BaseTapBarController.swift */,
			);
			path = BaseTapBarController;
			sourceTree = "<group>";
		};
		A3FD236025D515CA003EF8CD /* Extension */ = {
			isa = PBXGroup;
			children = (
				A3FD236125D515D7003EF8CD /* UIImage.swift */,
			);
			path = Extension;
			sourceTree = "<group>";
		};
		A3FD236725D51E57003EF8CD /* cell */ = {
			isa = PBXGroup;
			children = (
				A3FD236825D51E7B003EF8CD /* VideoListCell.swift */,
				A3FD236925D51E7B003EF8CD /* VideoListCell.xib */,
			);
			path = cell;
			sourceTree = "<group>";
		};
		A3FD237425D52BBE003EF8CD /* VideoViewController */ = {
			isa = PBXGroup;
			children = (
				A3684C8325D532F200F9E0AC /* cell */,
				A3FD237525D52BD8003EF8CD /* VideoViewController.storyboard */,
				A3FD237825D52BED003EF8CD /* VideoViewController.swift */,
				A3684C9525D536DC00F9E0AC /* VideoViewModel.swift */,
			);
			path = VideoViewController;
			sourceTree = "<group>";
		};
/* End PBXGroup section */

/* Begin PBXNativeTarget section */
		A3FD233125D512F1003EF8CD /* MeTube */ = {
			isa = PBXNativeTarget;
			buildConfigurationList = A3FD234625D512F2003EF8CD /* Build configuration list for PBXNativeTarget "MeTube" */;
			buildPhases = (
				A3FD232E25D512F1003EF8CD /* Sources */,
				A3FD232F25D512F1003EF8CD /* Frameworks */,
				A3FD233025D512F1003EF8CD /* Resources */,
			);
			buildRules = (
			);
			dependencies = (
			);
			name = MeTube;
			productName = MeTube;
			productReference = A3FD233225D512F1003EF8CD /* MeTube.app */;
			productType = "com.apple.product-type.application";
		};
/* End PBXNativeTarget section */

/* Begin PBXProject section */
		A3FD232A25D512F1003EF8CD /* Project object */ = {
			isa = PBXProject;
			attributes = {
				LastSwiftUpdateCheck = 1240;
				LastUpgradeCheck = 1240;
				TargetAttributes = {
					A3FD233125D512F1003EF8CD = {
						CreatedOnToolsVersion = 12.4;
					};
				};
			};
			buildConfigurationList = A3FD232D25D512F1003EF8CD /* Build configuration list for PBXProject "MeTube" */;
			compatibilityVersion = "Xcode 9.3";
			developmentRegion = en;
			hasScannedForEncodings = 0;
			knownRegions = (
				en,
				Base,
			);
			mainGroup = A3FD232925D512F1003EF8CD;
			productRefGroup = A3FD233325D512F1003EF8CD /* Products */;
			projectDirPath = "";
			projectRoot = "";
			targets = (
				A3FD233125D512F1003EF8CD /* MeTube */,
			);
		};
/* End PBXProject section */

/* Begin PBXResourcesBuildPhase section */
		A3FD233025D512F1003EF8CD /* Resources */ = {
			isa = PBXResourcesBuildPhase;
			buildActionMask = 2147483647;
			files = (
				A3684C8F25D5352E00F9E0AC /* sample3.MOV in Resources */,
				A3FD235225D51377003EF8CD /* InitialViewController.storyboard in Resources */,
				A3FD236B25D51E7B003EF8CD /* VideoListCell.xib in Resources */,
				A3684C8D25D5352E00F9E0AC /* sample1.MOV in Resources */,
				A3FD233F25D512F2003EF8CD /* Assets.xcassets in Resources */,
				A3FD235525D51387003EF8CD /* HomeViewController.storyboard in Resources */,
				A3FD237625D52BD8003EF8CD /* VideoViewController.storyboard in Resources */,
				A3684C8E25D5352E00F9E0AC /* sample4.MOV in Resources */,
				A3684C9325D5359900F9E0AC /* sample5.MOV in Resources */,
				A3684C9025D5352E00F9E0AC /* sample2.MOV in Resources */,
			);
			runOnlyForDeploymentPostprocessing = 0;
		};
/* End PBXResourcesBuildPhase section */

/* Begin PBXSourcesBuildPhase section */
		A3FD232E25D512F1003EF8CD /* Sources */ = {
			isa = PBXSourcesBuildPhase;
			buildActionMask = 2147483647;
			files = (
				A3FD233625D512F1003EF8CD /* AppDelegate.swift in Sources */,
				A3FD236225D515D7003EF8CD /* UIImage.swift in Sources */,
				A3FD237925D52BED003EF8CD /* VideoViewController.swift in Sources */,
				A3FD233825D512F1003EF8CD /* SceneDelegate.swift in Sources */,
				A3FD237225D522D5003EF8CD /* HomeViewModel.swift in Sources */,
				A3684C9625D536DC00F9E0AC /* VideoViewModel.swift in Sources */,
				A3FD236F25D52241003EF8CD /* VideoListModel.swift in Sources */,
				A3FD235D25D51598003EF8CD /* BaseTapBarController.swift in Sources */,
				A3FD235825D51394003EF8CD /* HomeViewController.swift in Sources */,
				A3FD236A25D51E7B003EF8CD /* VideoListCell.swift in Sources */,
				A3684C8625D5332900F9E0AC /* RelativeVideoCell.swift in Sources */,
			);
			runOnlyForDeploymentPostprocessing = 0;
		};
/* End PBXSourcesBuildPhase section */

/* Begin XCBuildConfiguration section */
		A3FD234425D512F2003EF8CD /* Debug */ = {
			isa = XCBuildConfiguration;
			buildSettings = {
				ALWAYS_SEARCH_USER_PATHS = NO;
				CLANG_ANALYZER_NONNULL = YES;
				CLANG_ANALYZER_NUMBER_OBJECT_CONVERSION = YES_AGGRESSIVE;
				CLANG_CXX_LANGUAGE_STANDARD = "gnu++14";
				CLANG_CXX_LIBRARY = "libc++";
				CLANG_ENABLE_MODULES = YES;
				CLANG_ENABLE_OBJC_ARC = YES;
				CLANG_ENABLE_OBJC_WEAK = YES;
				CLANG_WARN_BLOCK_CAPTURE_AUTORELEASING = YES;
				CLANG_WARN_BOOL_CONVERSION = YES;
				CLANG_WARN_COMMA = YES;
				CLANG_WARN_CONSTANT_CONVERSION = YES;
				CLANG_WARN_DEPRECATED_OBJC_IMPLEMENTATIONS = YES;
				CLANG_WARN_DIRECT_OBJC_ISA_USAGE = YES_ERROR;
				CLANG_WARN_DOCUMENTATION_COMMENTS = YES;
				CLANG_WARN_EMPTY_BODY = YES;
				CLANG_WARN_ENUM_CONVERSION = YES;
				CLANG_WARN_INFINITE_RECURSION = YES;
				CLANG_WARN_INT_CONVERSION = YES;
				CLANG_WARN_NON_LITERAL_NULL_CONVERSION = YES;
				CLANG_WARN_OBJC_IMPLICIT_RETAIN_SELF = YES;
				CLANG_WARN_OBJC_LITERAL_CONVERSION = YES;
				CLANG_WARN_OBJC_ROOT_CLASS = YES_ERROR;
				CLANG_WARN_QUOTED_INCLUDE_IN_FRAMEWORK_HEADER = YES;
				CLANG_WARN_RANGE_LOOP_ANALYSIS = YES;
				CLANG_WARN_STRICT_PROTOTYPES = YES;
				CLANG_WARN_SUSPICIOUS_MOVE = YES;
				CLANG_WARN_UNGUARDED_AVAILABILITY = YES_AGGRESSIVE;
				CLANG_WARN_UNREACHABLE_CODE = YES;
				CLANG_WARN__DUPLICATE_METHOD_MATCH = YES;
				COPY_PHASE_STRIP = NO;
				DEBUG_INFORMATION_FORMAT = dwarf;
				ENABLE_STRICT_OBJC_MSGSEND = YES;
				ENABLE_TESTABILITY = YES;
				GCC_C_LANGUAGE_STANDARD = gnu11;
				GCC_DYNAMIC_NO_PIC = NO;
				GCC_NO_COMMON_BLOCKS = YES;
				GCC_OPTIMIZATION_LEVEL = 0;
				GCC_PREPROCESSOR_DEFINITIONS = (
					"DEBUG=1",
					"$(inherited)",
				);
				GCC_WARN_64_TO_32_BIT_CONVERSION = YES;
				GCC_WARN_ABOUT_RETURN_TYPE = YES_ERROR;
				GCC_WARN_UNDECLARED_SELECTOR = YES;
				GCC_WARN_UNINITIALIZED_AUTOS = YES_AGGRESSIVE;
				GCC_WARN_UNUSED_FUNCTION = YES;
				GCC_WARN_UNUSED_VARIABLE = YES;
				IPHONEOS_DEPLOYMENT_TARGET = 14.4;
				MTL_ENABLE_DEBUG_INFO = INCLUDE_SOURCE;
				MTL_FAST_MATH = YES;
				ONLY_ACTIVE_ARCH = YES;
				SDKROOT = iphoneos;
				SWIFT_ACTIVE_COMPILATION_CONDITIONS = DEBUG;
				SWIFT_OPTIMIZATION_LEVEL = "-Onone";
			};
			name = Debug;
		};
		A3FD234525D512F2003EF8CD /* Release */ = {
			isa = XCBuildConfiguration;
			buildSettings = {
				ALWAYS_SEARCH_USER_PATHS = NO;
				CLANG_ANALYZER_NONNULL = YES;
				CLANG_ANALYZER_NUMBER_OBJECT_CONVERSION = YES_AGGRESSIVE;
				CLANG_CXX_LANGUAGE_STANDARD = "gnu++14";
				CLANG_CXX_LIBRARY = "libc++";
				CLANG_ENABLE_MODULES = YES;
				CLANG_ENABLE_OBJC_ARC = YES;
				CLANG_ENABLE_OBJC_WEAK = YES;
				CLANG_WARN_BLOCK_CAPTURE_AUTORELEASING = YES;
				CLANG_WARN_BOOL_CONVERSION = YES;
				CLANG_WARN_COMMA = YES;
				CLANG_WARN_CONSTANT_CONVERSION = YES;
				CLANG_WARN_DEPRECATED_OBJC_IMPLEMENTATIONS = YES;
				CLANG_WARN_DIRECT_OBJC_ISA_USAGE = YES_ERROR;
				CLANG_WARN_DOCUMENTATION_COMMENTS = YES;
				CLANG_WARN_EMPTY_BODY = YES;
				CLANG_WARN_ENUM_CONVERSION = YES;
				CLANG_WARN_INFINITE_RECURSION = YES;
				CLANG_WARN_INT_CONVERSION = YES;
				CLANG_WARN_NON_LITERAL_NULL_CONVERSION = YES;
				CLANG_WARN_OBJC_IMPLICIT_RETAIN_SELF = YES;
				CLANG_WARN_OBJC_LITERAL_CONVERSION = YES;
				CLANG_WARN_OBJC_ROOT_CLASS = YES_ERROR;
				CLANG_WARN_QUOTED_INCLUDE_IN_FRAMEWORK_HEADER = YES;
				CLANG_WARN_RANGE_LOOP_ANALYSIS = YES;
				CLANG_WARN_STRICT_PROTOTYPES = YES;
				CLANG_WARN_SUSPICIOUS_MOVE = YES;
				CLANG_WARN_UNGUARDED_AVAILABILITY = YES_AGGRESSIVE;
				CLANG_WARN_UNREACHABLE_CODE = YES;
				CLANG_WARN__DUPLICATE_METHOD_MATCH = YES;
				COPY_PHASE_STRIP = NO;
				DEBUG_INFORMATION_FORMAT = "dwarf-with-dsym";
				ENABLE_NS_ASSERTIONS = NO;
				ENABLE_STRICT_OBJC_MSGSEND = YES;
				GCC_C_LANGUAGE_STANDARD = gnu11;
				GCC_NO_COMMON_BLOCKS = YES;
				GCC_WARN_64_TO_32_BIT_CONVERSION = YES;
				GCC_WARN_ABOUT_RETURN_TYPE = YES_ERROR;
				GCC_WARN_UNDECLARED_SELECTOR = YES;
				GCC_WARN_UNINITIALIZED_AUTOS = YES_AGGRESSIVE;
				GCC_WARN_UNUSED_FUNCTION = YES;
				GCC_WARN_UNUSED_VARIABLE = YES;
				IPHONEOS_DEPLOYMENT_TARGET = 14.4;
				MTL_ENABLE_DEBUG_INFO = NO;
				MTL_FAST_MATH = YES;
				SDKROOT = iphoneos;
				SWIFT_COMPILATION_MODE = wholemodule;
				SWIFT_OPTIMIZATION_LEVEL = "-O";
				VALIDATE_PRODUCT = YES;
			};
			name = Release;
		};
		A3FD234725D512F2003EF8CD /* Debug */ = {
			isa = XCBuildConfiguration;
			buildSettings = {
				ASSETCATALOG_COMPILER_APPICON_NAME = AppIcon;
				ASSETCATALOG_COMPILER_GLOBAL_ACCENT_COLOR_NAME = AccentColor;
				CODE_SIGN_STYLE = Automatic;
				DEVELOPMENT_TEAM = RMQMMDFU8P;
				INFOPLIST_FILE = MeTube/Info.plist;
				LD_RUNPATH_SEARCH_PATHS = (
					"$(inherited)",
					"@executable_path/Frameworks",
				);
				PRODUCT_BUNDLE_IDENTIFIER = jh.MeTube;
				PRODUCT_NAME = "$(TARGET_NAME)";
				SWIFT_VERSION = 5.0;
				TARGETED_DEVICE_FAMILY = "1,2";
			};
			name = Debug;
		};
		A3FD234825D512F2003EF8CD /* Release */ = {
			isa = XCBuildConfiguration;
			buildSettings = {
				ASSETCATALOG_COMPILER_APPICON_NAME = AppIcon;
				ASSETCATALOG_COMPILER_GLOBAL_ACCENT_COLOR_NAME = AccentColor;
				CODE_SIGN_STYLE = Automatic;
				DEVELOPMENT_TEAM = RMQMMDFU8P;
				INFOPLIST_FILE = MeTube/Info.plist;
				LD_RUNPATH_SEARCH_PATHS = (
					"$(inherited)",
					"@executable_path/Frameworks",
				);
				PRODUCT_BUNDLE_IDENTIFIER = jh.MeTube;
				PRODUCT_NAME = "$(TARGET_NAME)";
				SWIFT_VERSION = 5.0;
				TARGETED_DEVICE_FAMILY = "1,2";
			};
			name = Release;
		};
/* End XCBuildConfiguration section */

/* Begin XCConfigurationList section */
		A3FD232D25D512F1003EF8CD /* Build configuration list for PBXProject "MeTube" */ = {
			isa = XCConfigurationList;
			buildConfigurations = (
				A3FD234425D512F2003EF8CD /* Debug */,
				A3FD234525D512F2003EF8CD /* Release */,
			);
			defaultConfigurationIsVisible = 0;
			defaultConfigurationName = Release;
		};
		A3FD234625D512F2003EF8CD /* Build configuration list for PBXNativeTarget "MeTube" */ = {
			isa = XCConfigurationList;
			buildConfigurations = (
				A3FD234725D512F2003EF8CD /* Debug */,
				A3FD234825D512F2003EF8CD /* Release */,
			);
			defaultConfigurationIsVisible = 0;
			defaultConfigurationName = Release;
		};
/* End XCConfigurationList section */
	};
	rootObject = A3FD232A25D512F1003EF8CD /* Project object */;
}
